// !$*UTF8*$!
{
	archiveVersion = 1;
	classes = {
	};
	objectVersion = 56;
	objects = {

/* Begin PBXBuildFile section */
		032216CD2BCEAF1F00B3DA43 /* CareerApp.swift in Sources */ = {isa = PBXBuildFile; fileRef = 032216CC2BCEAF1F00B3DA43 /* CareerApp.swift */; };
		032216CF2BCEAF1F00B3DA43 /* ContentView.swift in Sources */ = {isa = PBXBuildFile; fileRef = 032216CE2BCEAF1F00B3DA43 /* ContentView.swift */; };
		032216D12BCEAF2300B3DA43 /* Assets.xcassets in Resources */ = {isa = PBXBuildFile; fileRef = 032216D02BCEAF2300B3DA43 /* Assets.xcassets */; };
		032216D42BCEAF2300B3DA43 /* Preview Assets.xcassets in Resources */ = {isa = PBXBuildFile; fileRef = 032216D32BCEAF2300B3DA43 /* Preview Assets.xcassets */; };
		D90F07682BCEB383007BB9B8 /* Toolbar.swift in Sources */ = {isa = PBXBuildFile; fileRef = D90F07672BCEB383007BB9B8 /* Toolbar.swift */; };
		D90F07732BCEB38C007BB9B8 /* HomeViewModel.swift in Sources */ = {isa = PBXBuildFile; fileRef = D90F076B2BCEB38C007BB9B8 /* HomeViewModel.swift */; };
		D90F07742BCEB38C007BB9B8 /* HomeView.swift in Sources */ = {isa = PBXBuildFile; fileRef = D90F076C2BCEB38C007BB9B8 /* HomeView.swift */; };
		D90F07752BCEB38C007BB9B8 /* AllAppMissionViewModel.swift in Sources */ = {isa = PBXBuildFile; fileRef = D90F076E2BCEB38C007BB9B8 /* AllAppMissionViewModel.swift */; };
		D90F07762BCEB38C007BB9B8 /* AllAppMissionView.swift in Sources */ = {isa = PBXBuildFile; fileRef = D90F076F2BCEB38C007BB9B8 /* AllAppMissionView.swift */; };
		D90F07772BCEB38C007BB9B8 /* FavoriteAppMissionViewModel.swift in Sources */ = {isa = PBXBuildFile; fileRef = D90F07712BCEB38C007BB9B8 /* FavoriteAppMissionViewModel.swift */; };
		D90F07782BCEB38C007BB9B8 /* FavoriteAppMissionView.swift in Sources */ = {isa = PBXBuildFile; fileRef = D90F07722BCEB38C007BB9B8 /* FavoriteAppMissionView.swift */; };
		D90F077B2BCEB42C007BB9B8 /* AppMission.swift in Sources */ = {isa = PBXBuildFile; fileRef = D90F077A2BCEB42C007BB9B8 /* AppMission.swift */; };
		D90F077D2BCEB47F007BB9B8 /* AppEnvironment.swift in Sources */ = {isa = PBXBuildFile; fileRef = D90F077C2BCEB47F007BB9B8 /* AppEnvironment.swift */; };
		D90F077F2BCEB496007BB9B8 /* String.swift in Sources */ = {isa = PBXBuildFile; fileRef = D90F077E2BCEB496007BB9B8 /* String.swift */; };
		D90F07822BCEB520007BB9B8 /* SmallCardView.swift in Sources */ = {isa = PBXBuildFile; fileRef = D90F07812BCEB520007BB9B8 /* SmallCardView.swift */; };
		D90F07842BCEBD83007BB9B8 /* LoadingView.swift in Sources */ = {isa = PBXBuildFile; fileRef = D90F07832BCEBD83007BB9B8 /* LoadingView.swift */; };
/* End PBXBuildFile section */

/* Begin PBXFileReference section */
		032216C92BCEAF1F00B3DA43 /* Career.app */ = {isa = PBXFileReference; explicitFileType = wrapper.application; includeInIndex = 0; path = Career.app; sourceTree = BUILT_PRODUCTS_DIR; };
		032216CC2BCEAF1F00B3DA43 /* CareerApp.swift */ = {isa = PBXFileReference; lastKnownFileType = sourcecode.swift; path = CareerApp.swift; sourceTree = "<group>"; };
		032216CE2BCEAF1F00B3DA43 /* ContentView.swift */ = {isa = PBXFileReference; lastKnownFileType = sourcecode.swift; path = ContentView.swift; sourceTree = "<group>"; };
		032216D02BCEAF2300B3DA43 /* Assets.xcassets */ = {isa = PBXFileReference; lastKnownFileType = folder.assetcatalog; path = Assets.xcassets; sourceTree = "<group>"; };
		032216D32BCEAF2300B3DA43 /* Preview Assets.xcassets */ = {isa = PBXFileReference; lastKnownFileType = folder.assetcatalog; path = "Preview Assets.xcassets"; sourceTree = "<group>"; };
		D90F07672BCEB383007BB9B8 /* Toolbar.swift */ = {isa = PBXFileReference; fileEncoding = 4; lastKnownFileType = sourcecode.swift; path = Toolbar.swift; sourceTree = "<group>"; };
		D90F076B2BCEB38C007BB9B8 /* HomeViewModel.swift */ = {isa = PBXFileReference; fileEncoding = 4; lastKnownFileType = sourcecode.swift; path = HomeViewModel.swift; sourceTree = "<group>"; };
		D90F076C2BCEB38C007BB9B8 /* HomeView.swift */ = {isa = PBXFileReference; fileEncoding = 4; lastKnownFileType = sourcecode.swift; path = HomeView.swift; sourceTree = "<group>"; };
		D90F076E2BCEB38C007BB9B8 /* AllAppMissionViewModel.swift */ = {isa = PBXFileReference; fileEncoding = 4; lastKnownFileType = sourcecode.swift; path = AllAppMissionViewModel.swift; sourceTree = "<group>"; };
		D90F076F2BCEB38C007BB9B8 /* AllAppMissionView.swift */ = {isa = PBXFileReference; fileEncoding = 4; lastKnownFileType = sourcecode.swift; path = AllAppMissionView.swift; sourceTree = "<group>"; };
		D90F07712BCEB38C007BB9B8 /* FavoriteAppMissionViewModel.swift */ = {isa = PBXFileReference; fileEncoding = 4; lastKnownFileType = sourcecode.swift; path = FavoriteAppMissionViewModel.swift; sourceTree = "<group>"; };
		D90F07722BCEB38C007BB9B8 /* FavoriteAppMissionView.swift */ = {isa = PBXFileReference; fileEncoding = 4; lastKnownFileType = sourcecode.swift; path = FavoriteAppMissionView.swift; sourceTree = "<group>"; };
		D90F077A2BCEB42C007BB9B8 /* AppMission.swift */ = {isa = PBXFileReference; lastKnownFileType = sourcecode.swift; path = AppMission.swift; sourceTree = "<group>"; };
		D90F077C2BCEB47F007BB9B8 /* AppEnvironment.swift */ = {isa = PBXFileReference; lastKnownFileType = sourcecode.swift; path = AppEnvironment.swift; sourceTree = "<group>"; };
		D90F077E2BCEB496007BB9B8 /* String.swift */ = {isa = PBXFileReference; lastKnownFileType = sourcecode.swift; path = String.swift; sourceTree = "<group>"; };
		D90F07812BCEB520007BB9B8 /* SmallCardView.swift */ = {isa = PBXFileReference; lastKnownFileType = sourcecode.swift; path = SmallCardView.swift; sourceTree = "<group>"; };
		D90F07832BCEBD83007BB9B8 /* LoadingView.swift */ = {isa = PBXFileReference; lastKnownFileType = sourcecode.swift; path = LoadingView.swift; sourceTree = "<group>"; };
/* End PBXFileReference section */

/* Begin PBXFrameworksBuildPhase section */
		032216C62BCEAF1F00B3DA43 /* Frameworks */ = {
			isa = PBXFrameworksBuildPhase;
			buildActionMask = 2147483647;
			files = (
			);
			runOnlyForDeploymentPostprocessing = 0;
		};
/* End PBXFrameworksBuildPhase section */

/* Begin PBXGroup section */
		032216C02BCEAF1F00B3DA43 = {
			isa = PBXGroup;
			children = (
				032216CB2BCEAF1F00B3DA43 /* Career */,
				032216CA2BCEAF1F00B3DA43 /* Products */,
			);
			sourceTree = "<group>";
		};
		032216CA2BCEAF1F00B3DA43 /* Products */ = {
			isa = PBXGroup;
			children = (
				032216C92BCEAF1F00B3DA43 /* Career.app */,
			);
			name = Products;
			sourceTree = "<group>";
		};
		032216CB2BCEAF1F00B3DA43 /* Career */ = {
			isa = PBXGroup;
			children = (
				D90F07792BCEB422007BB9B8 /* Models */,
				D90F07692BCEB38C007BB9B8 /* UI */,
				D90F07662BCEB383007BB9B8 /* Common */,
				032216CC2BCEAF1F00B3DA43 /* CareerApp.swift */,
				032216CE2BCEAF1F00B3DA43 /* ContentView.swift */,
				032216D02BCEAF2300B3DA43 /* Assets.xcassets */,
				032216D22BCEAF2300B3DA43 /* Preview Content */,
			);
			path = Career;
			sourceTree = "<group>";
		};
		032216D22BCEAF2300B3DA43 /* Preview Content */ = {
			isa = PBXGroup;
			children = (
				032216D32BCEAF2300B3DA43 /* Preview Assets.xcassets */,
			);
			path = "Preview Content";
			sourceTree = "<group>";
		};
		D90F07662BCEB383007BB9B8 /* Common */ = {
			isa = PBXGroup;
			children = (
				D90F07802BCEB513007BB9B8 /* SmallCardView */,
				D90F07672BCEB383007BB9B8 /* Toolbar.swift */,
				D90F077C2BCEB47F007BB9B8 /* AppEnvironment.swift */,
				D90F077E2BCEB496007BB9B8 /* String.swift */,
				D90F07832BCEBD83007BB9B8 /* LoadingView.swift */,
			);
			path = Common;
			sourceTree = "<group>";
		};
		D90F07692BCEB38C007BB9B8 /* UI */ = {
			isa = PBXGroup;
			children = (
				D90F076A2BCEB38C007BB9B8 /* Home */,
				D90F076D2BCEB38C007BB9B8 /* Challenges */,
				D90F07702BCEB38C007BB9B8 /* FavoriteAppMission */,
			);
			path = UI;
			sourceTree = "<group>";
		};
		D90F076A2BCEB38C007BB9B8 /* Home */ = {
			isa = PBXGroup;
			children = (
				D90F076B2BCEB38C007BB9B8 /* HomeViewModel.swift */,
				D90F076C2BCEB38C007BB9B8 /* HomeView.swift */,
			);
			path = Home;
			sourceTree = "<group>";
		};
		D90F076D2BCEB38C007BB9B8 /* Challenges */ = {
			isa = PBXGroup;
			children = (
				D90F076E2BCEB38C007BB9B8 /* AllAppMissionViewModel.swift */,
				D90F076F2BCEB38C007BB9B8 /* AllAppMissionView.swift */,
			);
			path = Challenges;
			sourceTree = "<group>";
		};
		D90F07702BCEB38C007BB9B8 /* FavoriteAppMission */ = {
			isa = PBXGroup;
			children = (
				D90F07712BCEB38C007BB9B8 /* FavoriteAppMissionViewModel.swift */,
				D90F07722BCEB38C007BB9B8 /* FavoriteAppMissionView.swift */,
			);
			path = FavoriteAppMission;
			sourceTree = "<group>";
		};
		D90F07792BCEB422007BB9B8 /* Models */ = {
			isa = PBXGroup;
			children = (
				D90F077A2BCEB42C007BB9B8 /* AppMission.swift */,
			);
			path = Models;
			sourceTree = "<group>";
		};
		D90F07802BCEB513007BB9B8 /* SmallCardView */ = {
			isa = PBXGroup;
			children = (
				D90F07812BCEB520007BB9B8 /* SmallCardView.swift */,
			);
			path = SmallCardView;
			sourceTree = "<group>";
		};
/* End PBXGroup section */

/* Begin PBXNativeTarget section */
		032216C82BCEAF1F00B3DA43 /* Career */ = {
			isa = PBXNativeTarget;
			buildConfigurationList = 032216D72BCEAF2300B3DA43 /* Build configuration list for PBXNativeTarget "Career" */;
			buildPhases = (
				032216C52BCEAF1F00B3DA43 /* Sources */,
				032216C62BCEAF1F00B3DA43 /* Frameworks */,
				032216C72BCEAF1F00B3DA43 /* Resources */,
			);
			buildRules = (
			);
			dependencies = (
			);
			name = Career;
			productName = Career;
			productReference = 032216C92BCEAF1F00B3DA43 /* Career.app */;
			productType = "com.apple.product-type.application";
		};
/* End PBXNativeTarget section */

/* Begin PBXProject section */
		032216C12BCEAF1F00B3DA43 /* Project object */ = {
			isa = PBXProject;
			attributes = {
				BuildIndependentTargetsInParallel = 1;
				LastSwiftUpdateCheck = 1420;
				LastUpgradeCheck = 1420;
				TargetAttributes = {
					032216C82BCEAF1F00B3DA43 = {
						CreatedOnToolsVersion = 14.2;
					};
				};
			};
			buildConfigurationList = 032216C42BCEAF1F00B3DA43 /* Build configuration list for PBXProject "Career" */;
			compatibilityVersion = "Xcode 14.0";
			developmentRegion = en;
			hasScannedForEncodings = 0;
			knownRegions = (
				en,
				Base,
			);
			mainGroup = 032216C02BCEAF1F00B3DA43;
			productRefGroup = 032216CA2BCEAF1F00B3DA43 /* Products */;
			projectDirPath = "";
			projectRoot = "";
			targets = (
				032216C82BCEAF1F00B3DA43 /* Career */,
			);
		};
/* End PBXProject section */

/* Begin PBXResourcesBuildPhase section */
		032216C72BCEAF1F00B3DA43 /* Resources */ = {
			isa = PBXResourcesBuildPhase;
			buildActionMask = 2147483647;
			files = (
				032216D42BCEAF2300B3DA43 /* Preview Assets.xcassets in Resources */,
				032216D12BCEAF2300B3DA43 /* Assets.xcassets in Resources */,
			);
			runOnlyForDeploymentPostprocessing = 0;
		};
/* End PBXResourcesBuildPhase section */

/* Begin PBXSourcesBuildPhase section */
		032216C52BCEAF1F00B3DA43 /* Sources */ = {
			isa = PBXSourcesBuildPhase;
			buildActionMask = 2147483647;
			files = (
				D90F077B2BCEB42C007BB9B8 /* AppMission.swift in Sources */,
				D90F07752BCEB38C007BB9B8 /* AllAppMissionViewModel.swift in Sources */,
				D90F07682BCEB383007BB9B8 /* Toolbar.swift in Sources */,
				032216CF2BCEAF1F00B3DA43 /* ContentView.swift in Sources */,
				D90F07762BCEB38C007BB9B8 /* AllAppMissionView.swift in Sources */,
				D90F07842BCEBD83007BB9B8 /* LoadingView.swift in Sources */,
				032216CD2BCEAF1F00B3DA43 /* CareerApp.swift in Sources */,
				D90F077F2BCEB496007BB9B8 /* String.swift in Sources */,
				D90F07822BCEB520007BB9B8 /* SmallCardView.swift in Sources */,
				D90F07742BCEB38C007BB9B8 /* HomeView.swift in Sources */,
				D90F07732BCEB38C007BB9B8 /* HomeViewModel.swift in Sources */,
				D90F07782BCEB38C007BB9B8 /* FavoriteAppMissionView.swift in Sources */,
				D90F07772BCEB38C007BB9B8 /* FavoriteAppMissionViewModel.swift in Sources */,
				D90F077D2BCEB47F007BB9B8 /* AppEnvironment.swift in Sources */,
			);
			runOnlyForDeploymentPostprocessing = 0;
		};
/* End PBXSourcesBuildPhase section */

/* Begin XCBuildConfiguration section */
		032216D52BCEAF2300B3DA43 /* Debug */ = {
			isa = XCBuildConfiguration;
			buildSettings = {
				ALWAYS_SEARCH_USER_PATHS = NO;
				CLANG_ANALYZER_NONNULL = YES;
				CLANG_ANALYZER_NUMBER_OBJECT_CONVERSION = YES_AGGRESSIVE;
				CLANG_CXX_LANGUAGE_STANDARD = "gnu++20";
				CLANG_ENABLE_MODULES = YES;
				CLANG_ENABLE_OBJC_ARC = YES;
				CLANG_ENABLE_OBJC_WEAK = YES;
				CLANG_WARN_BLOCK_CAPTURE_AUTORELEASING = YES;
				CLANG_WARN_BOOL_CONVERSION = YES;
				CLANG_WARN_COMMA = YES;
				CLANG_WARN_CONSTANT_CONVERSION = YES;
				CLANG_WARN_DEPRECATED_OBJC_IMPLEMENTATIONS = YES;
				CLANG_WARN_DIRECT_OBJC_ISA_USAGE = YES_ERROR;
				CLANG_WARN_DOCUMENTATION_COMMENTS = YES;
				CLANG_WARN_EMPTY_BODY = YES;
				CLANG_WARN_ENUM_CONVERSION = YES;
				CLANG_WARN_INFINITE_RECURSION = YES;
				CLANG_WARN_INT_CONVERSION = YES;
				CLANG_WARN_NON_LITERAL_NULL_CONVERSION = YES;
				CLANG_WARN_OBJC_IMPLICIT_RETAIN_SELF = YES;
				CLANG_WARN_OBJC_LITERAL_CONVERSION = YES;
				CLANG_WARN_OBJC_ROOT_CLASS = YES_ERROR;
				CLANG_WARN_QUOTED_INCLUDE_IN_FRAMEWORK_HEADER = YES;
				CLANG_WARN_RANGE_LOOP_ANALYSIS = YES;
				CLANG_WARN_STRICT_PROTOTYPES = YES;
				CLANG_WARN_SUSPICIOUS_MOVE = YES;
				CLANG_WARN_UNGUARDED_AVAILABILITY = YES_AGGRESSIVE;
				CLANG_WARN_UNREACHABLE_CODE = YES;
				CLANG_WARN__DUPLICATE_METHOD_MATCH = YES;
				COPY_PHASE_STRIP = NO;
				DEBUG_INFORMATION_FORMAT = dwarf;
				ENABLE_STRICT_OBJC_MSGSEND = YES;
				ENABLE_TESTABILITY = YES;
				GCC_C_LANGUAGE_STANDARD = gnu11;
				GCC_DYNAMIC_NO_PIC = NO;
				GCC_NO_COMMON_BLOCKS = YES;
				GCC_OPTIMIZATION_LEVEL = 0;
				GCC_PREPROCESSOR_DEFINITIONS = (
					"DEBUG=1",
					"$(inherited)",
				);
				GCC_WARN_64_TO_32_BIT_CONVERSION = YES;
				GCC_WARN_ABOUT_RETURN_TYPE = YES_ERROR;
				GCC_WARN_UNDECLARED_SELECTOR = YES;
				GCC_WARN_UNINITIALIZED_AUTOS = YES_AGGRESSIVE;
				GCC_WARN_UNUSED_FUNCTION = YES;
				GCC_WARN_UNUSED_VARIABLE = YES;
				IPHONEOS_DEPLOYMENT_TARGET = 16.2;
				MTL_ENABLE_DEBUG_INFO = INCLUDE_SOURCE;
				MTL_FAST_MATH = YES;
				ONLY_ACTIVE_ARCH = YES;
				SDKROOT = iphoneos;
				SWIFT_ACTIVE_COMPILATION_CONDITIONS = DEBUG;
				SWIFT_OPTIMIZATION_LEVEL = "-Onone";
			};
			name = Debug;
		};
		032216D62BCEAF2300B3DA43 /* Release */ = {
			isa = XCBuildConfiguration;
			buildSettings = {
				ALWAYS_SEARCH_USER_PATHS = NO;
				CLANG_ANALYZER_NONNULL = YES;
				CLANG_ANALYZER_NUMBER_OBJECT_CONVERSION = YES_AGGRESSIVE;
				CLANG_CXX_LANGUAGE_STANDARD = "gnu++20";
				CLANG_ENABLE_MODULES = YES;
				CLANG_ENABLE_OBJC_ARC = YES;
				CLANG_ENABLE_OBJC_WEAK = YES;
				CLANG_WARN_BLOCK_CAPTURE_AUTORELEASING = YES;
				CLANG_WARN_BOOL_CONVERSION = YES;
				CLANG_WARN_COMMA = YES;
				CLANG_WARN_CONSTANT_CONVERSION = YES;
				CLANG_WARN_DEPRECATED_OBJC_IMPLEMENTATIONS = YES;
				CLANG_WARN_DIRECT_OBJC_ISA_USAGE = YES_ERROR;
				CLANG_WARN_DOCUMENTATION_COMMENTS = YES;
				CLANG_WARN_EMPTY_BODY = YES;
				CLANG_WARN_ENUM_CONVERSION = YES;
				CLANG_WARN_INFINITE_RECURSION = YES;
				CLANG_WARN_INT_CONVERSION = YES;
				CLANG_WARN_NON_LITERAL_NULL_CONVERSION = YES;
				CLANG_WARN_OBJC_IMPLICIT_RETAIN_SELF = YES;
				CLANG_WARN_OBJC_LITERAL_CONVERSION = YES;
				CLANG_WARN_OBJC_ROOT_CLASS = YES_ERROR;
				CLANG_WARN_QUOTED_INCLUDE_IN_FRAMEWORK_HEADER = YES;
				CLANG_WARN_RANGE_LOOP_ANALYSIS = YES;
				CLANG_WARN_STRICT_PROTOTYPES = YES;
				CLANG_WARN_SUSPICIOUS_MOVE = YES;
				CLANG_WARN_UNGUARDED_AVAILABILITY = YES_AGGRESSIVE;
				CLANG_WARN_UNREACHABLE_CODE = YES;
				CLANG_WARN__DUPLICATE_METHOD_MATCH = YES;
				COPY_PHASE_STRIP = NO;
				DEBUG_INFORMATION_FORMAT = "dwarf-with-dsym";
				ENABLE_NS_ASSERTIONS = NO;
				ENABLE_STRICT_OBJC_MSGSEND = YES;
				GCC_C_LANGUAGE_STANDARD = gnu11;
				GCC_NO_COMMON_BLOCKS = YES;
				GCC_WARN_64_TO_32_BIT_CONVERSION = YES;
				GCC_WARN_ABOUT_RETURN_TYPE = YES_ERROR;
				GCC_WARN_UNDECLARED_SELECTOR = YES;
				GCC_WARN_UNINITIALIZED_AUTOS = YES_AGGRESSIVE;
				GCC_WARN_UNUSED_FUNCTION = YES;
				GCC_WARN_UNUSED_VARIABLE = YES;
				IPHONEOS_DEPLOYMENT_TARGET = 16.2;
				MTL_ENABLE_DEBUG_INFO = NO;
				MTL_FAST_MATH = YES;
				SDKROOT = iphoneos;
				SWIFT_COMPILATION_MODE = wholemodule;
				SWIFT_OPTIMIZATION_LEVEL = "-O";
				VALIDATE_PRODUCT = YES;
			};
			name = Release;
		};
		032216D82BCEAF2300B3DA43 /* Debug */ = {
			isa = XCBuildConfiguration;
			buildSettings = {
				ASSETCATALOG_COMPILER_APPICON_NAME = AppIcon;
				ASSETCATALOG_COMPILER_GLOBAL_ACCENT_COLOR_NAME = AccentColor;
				CODE_SIGN_STYLE = Manual;
				CURRENT_PROJECT_VERSION = 1;
				DEVELOPMENT_ASSET_PATHS = "\"Career/Preview Content\"";
				DEVELOPMENT_TEAM = "";
				ENABLE_PREVIEWS = YES;
				GENERATE_INFOPLIST_FILE = YES;
				INFOPLIST_KEY_UIApplicationSceneManifest_Generation = YES;
				INFOPLIST_KEY_UIApplicationSupportsIndirectInputEvents = YES;
				INFOPLIST_KEY_UILaunchScreen_Generation = YES;
				INFOPLIST_KEY_UISupportedInterfaceOrientations_iPad = "UIInterfaceOrientationPortrait UIInterfaceOrientationPortraitUpsideDown UIInterfaceOrientationLandscapeLeft UIInterfaceOrientationLandscapeRight";
				INFOPLIST_KEY_UISupportedInterfaceOrientations_iPhone = "UIInterfaceOrientationPortrait UIInterfaceOrientationLandscapeLeft UIInterfaceOrientationLandscapeRight";
				IPHONEOS_DEPLOYMENT_TARGET = 17.0;
				LD_RUNPATH_SEARCH_PATHS = (
					"$(inherited)",
					"@executable_path/Frameworks",
				);
				MARKETING_VERSION = 1.0;
				PRODUCT_BUNDLE_IDENTIFIER = salah.Career;
				PRODUCT_NAME = "$(TARGET_NAME)";
				PROVISIONING_PROFILE_SPECIFIER = "";
				SUPPORTED_PLATFORMS = "iphoneos iphonesimulator macosx";
				SUPPORTS_MACCATALYST = NO;
				SUPPORTS_MAC_DESIGNED_FOR_IPHONE_IPAD = NO;
				SWIFT_EMIT_LOC_STRINGS = YES;
				SWIFT_VERSION = 5.0;
				TARGETED_DEVICE_FAMILY = "1,2";
			};
			name = Debug;
		};
		032216D92BCEAF2300B3DA43 /* Release */ = {
			isa = XCBuildConfiguration;
			buildSettings = {
				ASSETCATALOG_COMPILER_APPICON_NAME = AppIcon;
				ASSETCATALOG_COMPILER_GLOBAL_ACCENT_COLOR_NAME = AccentColor;
				CODE_SIGN_STYLE = Manual;
				CURRENT_PROJECT_VERSION = 1;
				DEVELOPMENT_ASSET_PATHS = "\"Career/Preview Content\"";
				DEVELOPMENT_TEAM = "";
				ENABLE_PREVIEWS = YES;
				GENERATE_INFOPLIST_FILE = YES;
				INFOPLIST_KEY_UIApplicationSceneManifest_Generation = YES;
				INFOPLIST_KEY_UIApplicationSupportsIndirectInputEvents = YES;
				INFOPLIST_KEY_UILaunchScreen_Generation = YES;
				INFOPLIST_KEY_UISupportedInterfaceOrientations_iPad = "UIInterfaceOrientationPortrait UIInterfaceOrientationPortraitUpsideDown UIInterfaceOrientationLandscapeLeft UIInterfaceOrientationLandscapeRight";
				INFOPLIST_KEY_UISupportedInterfaceOrientations_iPhone = "UIInterfaceOrientationPortrait UIInterfaceOrientationLandscapeLeft UIInterfaceOrientationLandscapeRight";
				IPHONEOS_DEPLOYMENT_TARGET = 17.0;
				LD_RUNPATH_SEARCH_PATHS = (
					"$(inherited)",
					"@executable_path/Frameworks",
				);
				MARKETING_VERSION = 1.0;
				PRODUCT_BUNDLE_IDENTIFIER = salah.Career;
				PRODUCT_NAME = "$(TARGET_NAME)";
				PROVISIONING_PROFILE_SPECIFIER = "";
				SUPPORTED_PLATFORMS = "iphoneos iphonesimulator macosx";
				SUPPORTS_MACCATALYST = NO;
				SUPPORTS_MAC_DESIGNED_FOR_IPHONE_IPAD = NO;
				SWIFT_EMIT_LOC_STRINGS = YES;
				SWIFT_VERSION = 5.0;
				TARGETED_DEVICE_FAMILY = "1,2";
			};
			name = Release;
		};
/* End XCBuildConfiguration section */

/* Begin XCConfigurationList section */
		032216C42BCEAF1F00B3DA43 /* Build configuration list for PBXProject "Career" */ = {
			isa = XCConfigurationList;
			buildConfigurations = (
				032216D52BCEAF2300B3DA43 /* Debug */,
				032216D62BCEAF2300B3DA43 /* Release */,
			);
			defaultConfigurationIsVisible = 0;
			defaultConfigurationName = Release;
		};
		032216D72BCEAF2300B3DA43 /* Build configuration list for PBXNativeTarget "Career" */ = {
			isa = XCConfigurationList;
			buildConfigurations = (
				032216D82BCEAF2300B3DA43 /* Debug */,
				032216D92BCEAF2300B3DA43 /* Release */,
			);
			defaultConfigurationIsVisible = 0;
			defaultConfigurationName = Release;
		};
/* End XCConfigurationList section */
	};
	rootObject = 032216C12BCEAF1F00B3DA43 /* Project object */;
}
